
Microsoft Visual Studio Solution File, Format Version 11.00
# Visual Studio 2010
Project("{FAE04EC0-301F-11D3-BF4B-00C04F79EFBC}") = "UnityEngine.UI", "UnityEngine.UI.csproj", "{e348114f-7683-91d8-0ed2-9c3af2cc779e}"
EndProject
Project("{FAE04EC0-301F-11D3-BF4B-00C04F79EFBC}") = "UnityEngine.TestRunner", "UnityEngine.TestRunner.csproj", "{5009bbd2-7933-93bc-3db1-8b73ad2a11a8}"
EndProject
Project("{FAE04EC0-301F-11D3-BF4B-00C04F79EFBC}") = "Unity.VisualScripting.Flow", "Unity.VisualScripting.Flow.csproj", "{6023902d-a393-90aa-0384-21edd1cf76f4}"
EndProject
Project("{FAE04EC0-301F-11D3-BF4B-00C04F79EFBC}") = "Unity.Mathematics", "Unity.Mathematics.csproj", "{60ebd84e-dfdb-2708-5e9c-8a372e466c90}"
EndProject
Project("{FAE04EC0-301F-11D3-BF4B-00C04F79EFBC}") = "Unity.Services.Core.Telemetry", "Unity.Services.Core.Telemetry.csproj", "{410bf9a0-596e-8ff4-3c7e-f793e243a5d3}"
EndProject
Project("{FAE04EC0-301F-11D3-BF4B-00C04F79EFBC}") = "Unity.VisualScripting.State", "Unity.VisualScripting.State.csproj", "{0d8bfb36-6f21-b3ad-a8df-2d12ae9bb1c7}"
EndProject
Project("{FAE04EC0-301F-11D3-BF4B-00C04F79EFBC}") = "Unity.VisualScripting.Core", "Unity.VisualScripting.Core.csproj", "{74ff6983-040f-f87a-bc8f-d97cdd0d94b5}"
EndProject
Project("{FAE04EC0-301F-11D3-BF4B-00C04F79EFBC}") = "Assembly-CSharp", "Assembly-CSharp.csproj", "{575ba167-a4a5-c18f-e0c4-1921b322f508}"
EndProject
Project("{FAE04EC0-301F-11D3-BF4B-00C04F79EFBC}") = "Unity.Services.Core.Environments.Internal", "Unity.Services.Core.Environments.Internal.csproj", "{cbcd6848-04fa-bbe9-f666-b34a56b6c988}"
EndProject
Project("{FAE04EC0-301F-11D3-BF4B-00C04F79EFBC}") = "Unity.Burst", "Unity.Burst.csproj", "{2873d8b9-9d70-27d9-2d1e-9f0a3c1ad5ae}"
EndProject
Project("{FAE04EC0-301F-11D3-BF4B-00C04F79EFBC}") = "Unity.2D.Animation.Runtime", "Unity.2D.Animation.Runtime.csproj", "{953ffa3e-c0d2-2892-5c36-09ebf63ea20b}"
EndProject
Project("{FAE04EC0-301F-11D3-BF4B-00C04F79EFBC}") = "Unity.TextMeshPro", "Unity.TextMeshPro.csproj", "{08c9c989-29ee-fd4d-812c-77cc6b7f6124}"
EndProject
Project("{FAE04EC0-301F-11D3-BF4B-00C04F79EFBC}") = "Unity.Timeline", "Unity.Timeline.csproj", "{9a2719d3-ec28-d03d-ee81-c658b27143ed}"
EndProject
Project("{FAE04EC0-301F-11D3-BF4B-00C04F79EFBC}") = "Unity.Services.Core.Environments", "Unity.Services.Core.Environments.csproj", "{9dcefbf9-004f-4023-71bd-a155ecc690b4}"
EndProject
Project("{FAE04EC0-301F-11D3-BF4B-00C04F79EFBC}") = "SuperTiled2Unity", "SuperTiled2Unity.csproj", "{977e3593-11a8-7291-0a87-9f4b17aac30c}"
EndProject
Project("{FAE04EC0-301F-11D3-BF4B-00C04F79EFBC}") = "Unity.Services.Core.Internal", "Unity.Services.Core.Internal.csproj", "{0cd398d8-bb91-1ba0-d0a1-2edc95024d4c}"
EndProject
Project("{FAE04EC0-301F-11D3-BF4B-00C04F79EFBC}") = "Unity.Services.Core.Analytics", "Unity.Services.Core.Analytics.csproj", "{fe83e396-9b32-b993-7f2b-36ab71217d07}"
EndProject
Project("{FAE04EC0-301F-11D3-BF4B-00C04F79EFBC}") = "Unity.2D.SpriteShape.Runtime", "Unity.2D.SpriteShape.Runtime.csproj", "{b689d777-fd0a-83ce-b314-fd3ddddf74c5}"
EndProject
Project("{FAE04EC0-301F-11D3-BF4B-00C04F79EFBC}") = "Unity.Services.Core.Scheduler", "Unity.Services.Core.Scheduler.csproj", "{1a262ccf-5efc-4708-1db5-e5b405cc64e1}"
EndProject
Project("{FAE04EC0-301F-11D3-BF4B-00C04F79EFBC}") = "Unity.Services.Core.Registration", "Unity.Services.Core.Registration.csproj", "{281f7546-c668-b70c-92f2-243226717664}"
EndProject
Project("{FAE04EC0-301F-11D3-BF4B-00C04F79EFBC}") = "Unity.2D.PixelPerfect", "Unity.2D.PixelPerfect.csproj", "{8f09e428-b4d1-1fde-209b-ad28d1bcf680}"
EndProject
Project("{FAE04EC0-301F-11D3-BF4B-00C04F79EFBC}") = "Unity.2D.Common.Runtime", "Unity.2D.Common.Runtime.csproj", "{4667effa-5318-b8b3-0c51-bc2c88d7a968}"
EndProject
Project("{FAE04EC0-301F-11D3-BF4B-00C04F79EFBC}") = "Unity.2D.IK.Runtime", "Unity.2D.IK.Runtime.csproj", "{98499e2f-56ac-92d2-46bb-0bad69335e47}"
EndProject
Project("{FAE04EC0-301F-11D3-BF4B-00C04F79EFBC}") = "Unity.Services.Core.Device", "Unity.Services.Core.Device.csproj", "{d3b87c08-9dd3-6600-edf7-727e225ae48b}"
EndProject
Project("{FAE04EC0-301F-11D3-BF4B-00C04F79EFBC}") = "Unity.Services.Core.Threading", "Unity.Services.Core.Threading.csproj", "{b46c167c-dd79-c9d1-0a32-816ff9332ef6}"
EndProject
Project("{FAE04EC0-301F-11D3-BF4B-00C04F79EFBC}") = "Unity.2D.Tilemap.Extras", "Unity.2D.Tilemap.Extras.csproj", "{9808c806-82ac-63c1-c706-13a5dab95991}"
EndProject
Project("{FAE04EC0-301F-11D3-BF4B-00C04F79EFBC}") = "Dan", "Dan.csproj", "{493816d2-973e-f533-8993-910bc39b4d5a}"
EndProject
Project("{FAE04EC0-301F-11D3-BF4B-00C04F79EFBC}") = "Unity.Services.Core.Networking", "Unity.Services.Core.Networking.csproj", "{1283e558-7fe5-d81e-ea78-73ce4fd0aedc}"
EndProject
Project("{FAE04EC0-301F-11D3-BF4B-00C04F79EFBC}") = "Unity.Services.Core", "Unity.Services.Core.csproj", "{3e060e36-490d-d117-f8c9-edcbcb3e9931}"
EndProject
Project("{FAE04EC0-301F-11D3-BF4B-00C04F79EFBC}") = "Unity.InternalAPIEngineBridge.001", "Unity.InternalAPIEngineBridge.001.csproj", "{7d718e36-fbd3-0ac6-59e8-a3c8b3e8be62}"
EndProject
Project("{FAE04EC0-301F-11D3-BF4B-00C04F79EFBC}") = "Unity.Services.Core.Configuration", "Unity.Services.Core.Configuration.csproj", "{2b16b84c-d344-8879-a9ce-9f80035ae0d3}"
EndProject
Project("{FAE04EC0-301F-11D3-BF4B-00C04F79EFBC}") = "Unity.PlasticSCM.Editor", "Unity.PlasticSCM.Editor.csproj", "{03e15db5-4c5a-dd80-60bc-bb42caace834}"
EndProject
Project("{FAE04EC0-301F-11D3-BF4B-00C04F79EFBC}") = "Unity.VisualScripting.Core.Editor", "Unity.VisualScripting.Core.Editor.csproj", "{d6273024-08ba-a684-be68-b2c67743b762}"
EndProject
Project("{FAE04EC0-301F-11D3-BF4B-00C04F79EFBC}") = "Unity.VisualScripting.Flow.Editor", "Unity.VisualScripting.Flow.Editor.csproj", "{8b29a503-691e-792e-9440-38c50a6a225f}"
EndProject
Project("{FAE04EC0-301F-11D3-BF4B-00C04F79EFBC}") = "Unity.VisualStudio.Editor", "Unity.VisualStudio.Editor.csproj", "{a51e05dc-ec7e-3ed9-320f-b3f8a08f5dd0}"
EndProject
Project("{FAE04EC0-301F-11D3-BF4B-00C04F79EFBC}") = "Unity.Timeline.Editor", "Unity.Timeline.Editor.csproj", "{abe8d8b0-7f00-83a9-09df-39816bc3babe}"
EndProject
Project("{FAE04EC0-301F-11D3-BF4B-00C04F79EFBC}") = "Unity.VisualScripting.State.Editor", "Unity.VisualScripting.State.Editor.csproj", "{6dc43ba5-d5b7-f424-fbf9-e084b6a814b1}"
EndProject
Project("{FAE04EC0-301F-11D3-BF4B-00C04F79EFBC}") = "Unity.TextMeshPro.Editor", "Unity.TextMeshPro.Editor.csproj", "{1dc9aace-fef7-eb0f-f0b0-57f3abcd02e8}"
EndProject
Project("{FAE04EC0-301F-11D3-BF4B-00C04F79EFBC}") = "Unity.2D.Animation.Editor", "Unity.2D.Animation.Editor.csproj", "{423a0fd6-6874-e38f-5791-f786b70364e8}"
EndProject
Project("{FAE04EC0-301F-11D3-BF4B-00C04F79EFBC}") = "Unity.VisualScripting.SettingsProvider.Editor", "Unity.VisualScripting.SettingsProvider.Editor.csproj", "{6cd0653c-0029-ff40-095a-db7679a0924c}"
EndProject
Project("{FAE04EC0-301F-11D3-BF4B-00C04F79EFBC}") = "Unity.CollabProxy.Editor", "Unity.CollabProxy.Editor.csproj", "{a112f7c9-7a12-0988-ccce-e20e11c0d290}"
EndProject
Project("{FAE04EC0-301F-11D3-BF4B-00C04F79EFBC}") = "UnityEditor.TestRunner", "UnityEditor.TestRunner.csproj", "{990e9ed1-45e6-5dfe-1370-c214dda93e46}"
EndProject
Project("{FAE04EC0-301F-11D3-BF4B-00C04F79EFBC}") = "Unity.2D.Tilemap.Editor", "Unity.2D.Tilemap.Editor.csproj", "{362c937d-1e49-049f-df55-c36a1f675693}"
EndProject
Project("{FAE04EC0-301F-11D3-BF4B-00C04F79EFBC}") = "Unity.Services.Core.Editor", "Unity.Services.Core.Editor.csproj", "{82c0108c-6828-b5b0-3d68-8aba1a997806}"
EndProject
Project("{FAE04EC0-301F-11D3-BF4B-00C04F79EFBC}") = "SuperTiled2UnityEditor", "SuperTiled2UnityEditor.csproj", "{283cb4a3-de72-92a2-3dd9-edf9b251632b}"
EndProject
Project("{FAE04EC0-301F-11D3-BF4B-00C04F79EFBC}") = "Assembly-CSharp-Editor", "Assembly-CSharp-Editor.csproj", "{0218ff0a-5d78-ca0c-3cac-754842edd928}"
EndProject
Project("{FAE04EC0-301F-11D3-BF4B-00C04F79EFBC}") = "Unity.Rider.Editor", "Unity.Rider.Editor.csproj", "{556db2eb-cd8e-a07e-db61-c8a4541edbbb}"
EndProject
Project("{FAE04EC0-301F-11D3-BF4B-00C04F79EFBC}") = "Unity.2D.Path.Editor", "Unity.2D.Path.Editor.csproj", "{ddf8b744-1ec9-22b3-8c3b-d045cec8e9da}"
EndProject
Project("{FAE04EC0-301F-11D3-BF4B-00C04F79EFBC}") = "PsdPlugin", "PsdPlugin.csproj", "{7435101f-4e31-7d03-0762-72dc64e88be5}"
EndProject
Project("{FAE04EC0-301F-11D3-BF4B-00C04F79EFBC}") = "Unity.2D.IK.Editor", "Unity.2D.IK.Editor.csproj", "{1cc93ea3-2c87-93e6-183b-2c110aebd6d2}"
EndProject
Project("{FAE04EC0-301F-11D3-BF4B-00C04F79EFBC}") = "Unity.2D.Psdimporter.Editor", "Unity.2D.Psdimporter.Editor.csproj", "{3f7833e7-c72c-3c61-eb18-31e9ae46bb39}"
EndProject
Project("{FAE04EC0-301F-11D3-BF4B-00C04F79EFBC}") = "Unity.2D.SpriteShape.Editor", "Unity.2D.SpriteShape.Editor.csproj", "{b01e2627-b8df-34fa-d1ea-a3ba1c67c668}"
EndProject
Project("{FAE04EC0-301F-11D3-BF4B-00C04F79EFBC}") = "Unity.Burst.CodeGen", "Unity.Burst.CodeGen.csproj", "{49bf9591-726d-b096-a001-61d1677ada71}"
EndProject
Project("{FAE04EC0-301F-11D3-BF4B-00C04F79EFBC}") = "Unity.2D.PixelPerfect.Editor", "Unity.2D.PixelPerfect.Editor.csproj", "{ca900670-bb63-7b30-1345-8d7e0fb48ebd}"
EndProject
Project("{FAE04EC0-301F-11D3-BF4B-00C04F79EFBC}") = "Unity.VSCode.Editor", "Unity.VSCode.Editor.csproj", "{e48d2df9-eb79-9e3a-2eec-4a37a87162c7}"
EndProject
Project("{FAE04EC0-301F-11D3-BF4B-00C04F79EFBC}") = "Unity.2D.Sprite.Editor", "Unity.2D.Sprite.Editor.csproj", "{f62ae347-f7f6-137f-a34c-67d808a9dbd2}"
EndProject
Project("{FAE04EC0-301F-11D3-BF4B-00C04F79EFBC}") = "UnityEditor.UI", "UnityEditor.UI.csproj", "{e42ad8ad-18bf-23d2-e1ff-82628a142ffd}"
EndProject
Project("{FAE04EC0-301F-11D3-BF4B-00C04F79EFBC}") = "Unity.2D.Common.Editor", "Unity.2D.Common.Editor.csproj", "{22e82547-a3d3-8031-9740-45b035f9c042}"
EndProject
Project("{FAE04EC0-301F-11D3-BF4B-00C04F79EFBC}") = "Unity.Mathematics.Editor", "Unity.Mathematics.Editor.csproj", "{f8e140f7-1071-a406-1baf-2539b77e28f6}"
EndProject
Project("{FAE04EC0-301F-11D3-BF4B-00C04F79EFBC}") = "Unity.Services.Core.Configuration.Editor", "Unity.Services.Core.Configuration.Editor.csproj", "{aa1b7abf-8e01-46fe-8291-6101b25d4750}"
EndProject
Project("{FAE04EC0-301F-11D3-BF4B-00C04F79EFBC}") = "Unity.2D.Tilemap.Extras.Editor", "Unity.2D.Tilemap.Extras.Editor.csproj", "{a8d2bc42-3d7f-49e7-cf75-81001b2d1330}"
EndProject
Project("{FAE04EC0-301F-11D3-BF4B-00C04F79EFBC}") = "Unity.Burst.Editor", "Unity.Burst.Editor.csproj", "{9ef722e7-4248-4c9e-107c-c028969f0fb9}"
EndProject
Project("{FAE04EC0-301F-11D3-BF4B-00C04F79EFBC}") = "LeaderboardCreatorEditor", "LeaderboardCreatorEditor.csproj", "{4d3679c2-9de2-b5dd-5a1a-75eaaf62c8f9}"
EndProject
Project("{FAE04EC0-301F-11D3-BF4B-00C04F79EFBC}") = "Unity.InternalAPIEditorBridge.001", "Unity.InternalAPIEditorBridge.001.csproj", "{26785876-a36a-de57-1e29-8d409782e1f1}"
EndProject
Project("{FAE04EC0-301F-11D3-BF4B-00C04F79EFBC}") = "Unity.VisualScripting.Shared.Editor", "Unity.VisualScripting.Shared.Editor.csproj", "{f1d44e7f-b3f5-eb1a-3ed3-d698f1c2276b}"
EndProject
Global
	GlobalSection(SolutionConfigurationPlatforms) = preSolution
		Debug|Any CPU = Debug|Any CPU
	EndGlobalSection
	GlobalSection(ProjectConfigurationPlatforms) = postSolution
		{e348114f-7683-91d8-0ed2-9c3af2cc779e}.Debug|Any CPU.ActiveCfg = Debug|Any CPU
		{e348114f-7683-91d8-0ed2-9c3af2cc779e}.Debug|Any CPU.Build.0 = Debug|Any CPU
		{5009bbd2-7933-93bc-3db1-8b73ad2a11a8}.Debug|Any CPU.ActiveCfg = Debug|Any CPU
		{5009bbd2-7933-93bc-3db1-8b73ad2a11a8}.Debug|Any CPU.Build.0 = Debug|Any CPU
		{6023902d-a393-90aa-0384-21edd1cf76f4}.Debug|Any CPU.ActiveCfg = Debug|Any CPU
		{6023902d-a393-90aa-0384-21edd1cf76f4}.Debug|Any CPU.Build.0 = Debug|Any CPU
		{60ebd84e-dfdb-2708-5e9c-8a372e466c90}.Debug|Any CPU.ActiveCfg = Debug|Any CPU
		{60ebd84e-dfdb-2708-5e9c-8a372e466c90}.Debug|Any CPU.Build.0 = Debug|Any CPU
		{410bf9a0-596e-8ff4-3c7e-f793e243a5d3}.Debug|Any CPU.ActiveCfg = Debug|Any CPU
		{410bf9a0-596e-8ff4-3c7e-f793e243a5d3}.Debug|Any CPU.Build.0 = Debug|Any CPU
		{0d8bfb36-6f21-b3ad-a8df-2d12ae9bb1c7}.Debug|Any CPU.ActiveCfg = Debug|Any CPU
		{0d8bfb36-6f21-b3ad-a8df-2d12ae9bb1c7}.Debug|Any CPU.Build.0 = Debug|Any CPU
		{74ff6983-040f-f87a-bc8f-d97cdd0d94b5}.Debug|Any CPU.ActiveCfg = Debug|Any CPU
		{74ff6983-040f-f87a-bc8f-d97cdd0d94b5}.Debug|Any CPU.Build.0 = Debug|Any CPU
		{575ba167-a4a5-c18f-e0c4-1921b322f508}.Debug|Any CPU.ActiveCfg = Debug|Any CPU
		{575ba167-a4a5-c18f-e0c4-1921b322f508}.Debug|Any CPU.Build.0 = Debug|Any CPU
		{cbcd6848-04fa-bbe9-f666-b34a56b6c988}.Debug|Any CPU.ActiveCfg = Debug|Any CPU
		{cbcd6848-04fa-bbe9-f666-b34a56b6c988}.Debug|Any CPU.Build.0 = Debug|Any CPU
		{2873d8b9-9d70-27d9-2d1e-9f0a3c1ad5ae}.Debug|Any CPU.ActiveCfg = Debug|Any CPU
		{2873d8b9-9d70-27d9-2d1e-9f0a3c1ad5ae}.Debug|Any CPU.Build.0 = Debug|Any CPU
		{953ffa3e-c0d2-2892-5c36-09ebf63ea20b}.Debug|Any CPU.ActiveCfg = Debug|Any CPU
		{953ffa3e-c0d2-2892-5c36-09ebf63ea20b}.Debug|Any CPU.Build.0 = Debug|Any CPU
		{08c9c989-29ee-fd4d-812c-77cc6b7f6124}.Debug|Any CPU.ActiveCfg = Debug|Any CPU
		{08c9c989-29ee-fd4d-812c-77cc6b7f6124}.Debug|Any CPU.Build.0 = Debug|Any CPU
		{9a2719d3-ec28-d03d-ee81-c658b27143ed}.Debug|Any CPU.ActiveCfg = Debug|Any CPU
		{9a2719d3-ec28-d03d-ee81-c658b27143ed}.Debug|Any CPU.Build.0 = Debug|Any CPU
		{9dcefbf9-004f-4023-71bd-a155ecc690b4}.Debug|Any CPU.ActiveCfg = Debug|Any CPU
		{9dcefbf9-004f-4023-71bd-a155ecc690b4}.Debug|Any CPU.Build.0 = Debug|Any CPU
		{977e3593-11a8-7291-0a87-9f4b17aac30c}.Debug|Any CPU.ActiveCfg = Debug|Any CPU
		{977e3593-11a8-7291-0a87-9f4b17aac30c}.Debug|Any CPU.Build.0 = Debug|Any CPU
		{0cd398d8-bb91-1ba0-d0a1-2edc95024d4c}.Debug|Any CPU.ActiveCfg = Debug|Any CPU
		{0cd398d8-bb91-1ba0-d0a1-2edc95024d4c}.Debug|Any CPU.Build.0 = Debug|Any CPU
		{fe83e396-9b32-b993-7f2b-36ab71217d07}.Debug|Any CPU.ActiveCfg = Debug|Any CPU
		{fe83e396-9b32-b993-7f2b-36ab71217d07}.Debug|Any CPU.Build.0 = Debug|Any CPU
		{b689d777-fd0a-83ce-b314-fd3ddddf74c5}.Debug|Any CPU.ActiveCfg = Debug|Any CPU
		{b689d777-fd0a-83ce-b314-fd3ddddf74c5}.Debug|Any CPU.Build.0 = Debug|Any CPU
		{1a262ccf-5efc-4708-1db5-e5b405cc64e1}.Debug|Any CPU.ActiveCfg = Debug|Any CPU
		{1a262ccf-5efc-4708-1db5-e5b405cc64e1}.Debug|Any CPU.Build.0 = Debug|Any CPU
		{281f7546-c668-b70c-92f2-243226717664}.Debug|Any CPU.ActiveCfg = Debug|Any CPU
		{281f7546-c668-b70c-92f2-243226717664}.Debug|Any CPU.Build.0 = Debug|Any CPU
		{8f09e428-b4d1-1fde-209b-ad28d1bcf680}.Debug|Any CPU.ActiveCfg = Debug|Any CPU
		{8f09e428-b4d1-1fde-209b-ad28d1bcf680}.Debug|Any CPU.Build.0 = Debug|Any CPU
		{4667effa-5318-b8b3-0c51-bc2c88d7a968}.Debug|Any CPU.ActiveCfg = Debug|Any CPU
		{4667effa-5318-b8b3-0c51-bc2c88d7a968}.Debug|Any CPU.Build.0 = Debug|Any CPU
		{98499e2f-56ac-92d2-46bb-0bad69335e47}.Debug|Any CPU.ActiveCfg = Debug|Any CPU
		{98499e2f-56ac-92d2-46bb-0bad69335e47}.Debug|Any CPU.Build.0 = Debug|Any CPU
		{d3b87c08-9dd3-6600-edf7-727e225ae48b}.Debug|Any CPU.ActiveCfg = Debug|Any CPU
		{d3b87c08-9dd3-6600-edf7-727e225ae48b}.Debug|Any CPU.Build.0 = Debug|Any CPU
		{b46c167c-dd79-c9d1-0a32-816ff9332ef6}.Debug|Any CPU.ActiveCfg = Debug|Any CPU
		{b46c167c-dd79-c9d1-0a32-816ff9332ef6}.Debug|Any CPU.Build.0 = Debug|Any CPU
		{9808c806-82ac-63c1-c706-13a5dab95991}.Debug|Any CPU.ActiveCfg = Debug|Any CPU
		{9808c806-82ac-63c1-c706-13a5dab95991}.Debug|Any CPU.Build.0 = Debug|Any CPU
		{493816d2-973e-f533-8993-910bc39b4d5a}.Debug|Any CPU.ActiveCfg = Debug|Any CPU
		{493816d2-973e-f533-8993-910bc39b4d5a}.Debug|Any CPU.Build.0 = Debug|Any CPU
		{1283e558-7fe5-d81e-ea78-73ce4fd0aedc}.Debug|Any CPU.ActiveCfg = Debug|Any CPU
		{1283e558-7fe5-d81e-ea78-73ce4fd0aedc}.Debug|Any CPU.Build.0 = Debug|Any CPU
		{3e060e36-490d-d117-f8c9-edcbcb3e9931}.Debug|Any CPU.ActiveCfg = Debug|Any CPU
		{3e060e36-490d-d117-f8c9-edcbcb3e9931}.Debug|Any CPU.Build.0 = Debug|Any CPU
		{7d718e36-fbd3-0ac6-59e8-a3c8b3e8be62}.Debug|Any CPU.ActiveCfg = Debug|Any CPU
		{7d718e36-fbd3-0ac6-59e8-a3c8b3e8be62}.Debug|Any CPU.Build.0 = Debug|Any CPU
		{2b16b84c-d344-8879-a9ce-9f80035ae0d3}.Debug|Any CPU.ActiveCfg = Debug|Any CPU
		{2b16b84c-d344-8879-a9ce-9f80035ae0d3}.Debug|Any CPU.Build.0 = Debug|Any CPU
		{03e15db5-4c5a-dd80-60bc-bb42caace834}.Debug|Any CPU.ActiveCfg = Debug|Any CPU
		{03e15db5-4c5a-dd80-60bc-bb42caace834}.Debug|Any CPU.Build.0 = Debug|Any CPU
		{d6273024-08ba-a684-be68-b2c67743b762}.Debug|Any CPU.ActiveCfg = Debug|Any CPU
		{d6273024-08ba-a684-be68-b2c67743b762}.Debug|Any CPU.Build.0 = Debug|Any CPU
		{8b29a503-691e-792e-9440-38c50a6a225f}.Debug|Any CPU.ActiveCfg = Debug|Any CPU
		{8b29a503-691e-792e-9440-38c50a6a225f}.Debug|Any CPU.Build.0 = Debug|Any CPU
		{a51e05dc-ec7e-3ed9-320f-b3f8a08f5dd0}.Debug|Any CPU.ActiveCfg = Debug|Any CPU
		{a51e05dc-ec7e-3ed9-320f-b3f8a08f5dd0}.Debug|Any CPU.Build.0 = Debug|Any CPU
		{abe8d8b0-7f00-83a9-09df-39816bc3babe}.Debug|Any CPU.ActiveCfg = Debug|Any CPU
		{abe8d8b0-7f00-83a9-09df-39816bc3babe}.Debug|Any CPU.Build.0 = Debug|Any CPU
		{6dc43ba5-d5b7-f424-fbf9-e084b6a814b1}.Debug|Any CPU.ActiveCfg = Debug|Any CPU
		{6dc43ba5-d5b7-f424-fbf9-e084b6a814b1}.Debug|Any CPU.Build.0 = Debug|Any CPU
		{1dc9aace-fef7-eb0f-f0b0-57f3abcd02e8}.Debug|Any CPU.ActiveCfg = Debug|Any CPU
		{1dc9aace-fef7-eb0f-f0b0-57f3abcd02e8}.Debug|Any CPU.Build.0 = Debug|Any CPU
		{423a0fd6-6874-e38f-5791-f786b70364e8}.Debug|Any CPU.ActiveCfg = Debug|Any CPU
		{423a0fd6-6874-e38f-5791-f786b70364e8}.Debug|Any CPU.Build.0 = Debug|Any CPU
		{6cd0653c-0029-ff40-095a-db7679a0924c}.Debug|Any CPU.ActiveCfg = Debug|Any CPU
		{6cd0653c-0029-ff40-095a-db7679a0924c}.Debug|Any CPU.Build.0 = Debug|Any CPU
		{a112f7c9-7a12-0988-ccce-e20e11c0d290}.Debug|Any CPU.ActiveCfg = Debug|Any CPU
		{a112f7c9-7a12-0988-ccce-e20e11c0d290}.Debug|Any CPU.Build.0 = Debug|Any CPU
		{990e9ed1-45e6-5dfe-1370-c214dda93e46}.Debug|Any CPU.ActiveCfg = Debug|Any CPU
		{990e9ed1-45e6-5dfe-1370-c214dda93e46}.Debug|Any CPU.Build.0 = Debug|Any CPU
		{362c937d-1e49-049f-df55-c36a1f675693}.Debug|Any CPU.ActiveCfg = Debug|Any CPU
		{362c937d-1e49-049f-df55-c36a1f675693}.Debug|Any CPU.Build.0 = Debug|Any CPU
		{82c0108c-6828-b5b0-3d68-8aba1a997806}.Debug|Any CPU.ActiveCfg = Debug|Any CPU
		{82c0108c-6828-b5b0-3d68-8aba1a997806}.Debug|Any CPU.Build.0 = Debug|Any CPU
		{283cb4a3-de72-92a2-3dd9-edf9b251632b}.Debug|Any CPU.ActiveCfg = Debug|Any CPU
		{283cb4a3-de72-92a2-3dd9-edf9b251632b}.Debug|Any CPU.Build.0 = Debug|Any CPU
		{0218ff0a-5d78-ca0c-3cac-754842edd928}.Debug|Any CPU.ActiveCfg = Debug|Any CPU
		{0218ff0a-5d78-ca0c-3cac-754842edd928}.Debug|Any CPU.Build.0 = Debug|Any CPU
		{556db2eb-cd8e-a07e-db61-c8a4541edbbb}.Debug|Any CPU.ActiveCfg = Debug|Any CPU
		{556db2eb-cd8e-a07e-db61-c8a4541edbbb}.Debug|Any CPU.Build.0 = Debug|Any CPU
		{ddf8b744-1ec9-22b3-8c3b-d045cec8e9da}.Debug|Any CPU.ActiveCfg = Debug|Any CPU
		{ddf8b744-1ec9-22b3-8c3b-d045cec8e9da}.Debug|Any CPU.Build.0 = Debug|Any CPU
		{7435101f-4e31-7d03-0762-72dc64e88be5}.Debug|Any CPU.ActiveCfg = Debug|Any CPU
		{7435101f-4e31-7d03-0762-72dc64e88be5}.Debug|Any CPU.Build.0 = Debug|Any CPU
		{1cc93ea3-2c87-93e6-183b-2c110aebd6d2}.Debug|Any CPU.ActiveCfg = Debug|Any CPU
		{1cc93ea3-2c87-93e6-183b-2c110aebd6d2}.Debug|Any CPU.Build.0 = Debug|Any CPU
		{3f7833e7-c72c-3c61-eb18-31e9ae46bb39}.Debug|Any CPU.ActiveCfg = Debug|Any CPU
		{3f7833e7-c72c-3c61-eb18-31e9ae46bb39}.Debug|Any CPU.Build.0 = Debug|Any CPU
		{b01e2627-b8df-34fa-d1ea-a3ba1c67c668}.Debug|Any CPU.ActiveCfg = Debug|Any CPU
		{b01e2627-b8df-34fa-d1ea-a3ba1c67c668}.Debug|Any CPU.Build.0 = Debug|Any CPU
		{49bf9591-726d-b096-a001-61d1677ada71}.Debug|Any CPU.ActiveCfg = Debug|Any CPU
		{49bf9591-726d-b096-a001-61d1677ada71}.Debug|Any CPU.Build.0 = Debug|Any CPU
		{ca900670-bb63-7b30-1345-8d7e0fb48ebd}.Debug|Any CPU.ActiveCfg = Debug|Any CPU
		{ca900670-bb63-7b30-1345-8d7e0fb48ebd}.Debug|Any CPU.Build.0 = Debug|Any CPU
		{e48d2df9-eb79-9e3a-2eec-4a37a87162c7}.Debug|Any CPU.ActiveCfg = Debug|Any CPU
		{e48d2df9-eb79-9e3a-2eec-4a37a87162c7}.Debug|Any CPU.Build.0 = Debug|Any CPU
		{f62ae347-f7f6-137f-a34c-67d808a9dbd2}.Debug|Any CPU.ActiveCfg = Debug|Any CPU
		{f62ae347-f7f6-137f-a34c-67d808a9dbd2}.Debug|Any CPU.Build.0 = Debug|Any CPU
		{e42ad8ad-18bf-23d2-e1ff-82628a142ffd}.Debug|Any CPU.ActiveCfg = Debug|Any CPU
		{e42ad8ad-18bf-23d2-e1ff-82628a142ffd}.Debug|Any CPU.Build.0 = Debug|Any CPU
		{22e82547-a3d3-8031-9740-45b035f9c042}.Debug|Any CPU.ActiveCfg = Debug|Any CPU
		{22e82547-a3d3-8031-9740-45b035f9c042}.Debug|Any CPU.Build.0 = Debug|Any CPU
		{f8e140f7-1071-a406-1baf-2539b77e28f6}.Debug|Any CPU.ActiveCfg = Debug|Any CPU
		{f8e140f7-1071-a406-1baf-2539b77e28f6}.Debug|Any CPU.Build.0 = Debug|Any CPU
		{aa1b7abf-8e01-46fe-8291-6101b25d4750}.Debug|Any CPU.ActiveCfg = Debug|Any CPU
		{aa1b7abf-8e01-46fe-8291-6101b25d4750}.Debug|Any CPU.Build.0 = Debug|Any CPU
		{a8d2bc42-3d7f-49e7-cf75-81001b2d1330}.Debug|Any CPU.ActiveCfg = Debug|Any CPU
		{a8d2bc42-3d7f-49e7-cf75-81001b2d1330}.Debug|Any CPU.Build.0 = Debug|Any CPU
		{9ef722e7-4248-4c9e-107c-c028969f0fb9}.Debug|Any CPU.ActiveCfg = Debug|Any CPU
		{9ef722e7-4248-4c9e-107c-c028969f0fb9}.Debug|Any CPU.Build.0 = Debug|Any CPU
		{4d3679c2-9de2-b5dd-5a1a-75eaaf62c8f9}.Debug|Any CPU.ActiveCfg = Debug|Any CPU
		{4d3679c2-9de2-b5dd-5a1a-75eaaf62c8f9}.Debug|Any CPU.Build.0 = Debug|Any CPU
		{26785876-a36a-de57-1e29-8d409782e1f1}.Debug|Any CPU.ActiveCfg = Debug|Any CPU
		{26785876-a36a-de57-1e29-8d409782e1f1}.Debug|Any CPU.Build.0 = Debug|Any CPU
		{f1d44e7f-b3f5-eb1a-3ed3-d698f1c2276b}.Debug|Any CPU.ActiveCfg = Debug|Any CPU
		{f1d44e7f-b3f5-eb1a-3ed3-d698f1c2276b}.Debug|Any CPU.Build.0 = Debug|Any CPU
	EndGlobalSection
	GlobalSection(SolutionProperties) = preSolution
		HideSolutionNode = FALSE
	EndGlobalSection
EndGlobal
